{
  "requires": true,
  "lockfileVersion": 1,
  "dependencies": {
    "collect.js": {
      "version": "4.28.6",
      "resolved": "https://registry.npmjs.org/collect.js/-/collect.js-4.28.6.tgz",
      "integrity": "sha512-NAyuk1DnCotRaDZIS5kJ4sptgkwOeYqElird10yziN5JBuwYOGkOTguhNcPn5g344IfylZecxNYZAVXgv19p5Q=="
    }
  }
}
